
Microsoft Visual Studio Solution File, Format Version 12.00
# Visual Studio Version 18
VisualStudioVersion = 18.9.12009.208
MinimumVisualStudioVersion = 10.0.40219.1
Project("{FAE04EC0-301F-11D3-BF4B-00C04F79EFBC}") = "Casa106.Api", "src\Casa106.Api\Casa106.Api.csproj", "{1EA1877F-CD10-4FAF-9B71-158F2F5480FE}"
EndProject
Project("{FAE04EC0-301F-11D3-BF4B-00C04F79EFBC}") = "Casa106.Domain", "src\Casa106.Domain\Casa106.Domain.csproj", "{2EB1877F-CD10-4FAF-9B71-158F2F5480FF}"
EndProject
Project("{FAE04EC0-301F-11D3-BF4B-00C04F79EFBC}") = "Casa106.Application", "src\Casa106.Application\Casa106.Application.csproj", "{9163CD71-337A-49D9-8F06-05299E1D3BF6}"
EndProject
Project("{FAE04EC0-301F-11D3-BF4B-00C04F79EFBC}") = "Casa106.Infrastructure", "src\Casa106.Infrastructure\Casa106.Infrastructure.csproj", "{A5D62268-B880-4518-922F-B59028C4F806}"
EndProject
Global
	GlobalSection(SolutionConfigurationPlatforms) = preSolution
		Debug|Any CPU = Debug|Any CPU
		Release|Any CPU = Release|Any CPU
	EndGlobalSection
	GlobalSection(ProjectConfigurationPlatforms) = postSolution
		{1EA1877F-CD10-4FAF-9B71-158F2F5480FE}.Debug|Any CPU.ActiveCfg = Debug|Any CPU
		{1EA1877F-CD10-4FAF-9B71-158F2F5480FE}.Debug|Any CPU.Build.0 = Debug|Any CPU
		{1EA1877F-CD10-4FAF-9B71-158F2F5480FE}.Release|Any CPU.ActiveCfg = Release|Any CPU
		{1EA1877F-CD10-4FAF-9B71-158F2F5480FE}.Release|Any CPU.Build.0 = Release|Any CPU
		{2EB1877F-CD10-4FAF-9B71-158F2F5480FF}.Debug|Any CPU.ActiveCfg = Debug|Any CPU
		{2EB1877F-CD10-4FAF-9B71-158F2F5480FF}.Debug|Any CPU.Build.0 = Debug|Any CPU
		{2EB1877F-CD10-4FAF-9B71-158F2F5480FF}.Release|Any CPU.ActiveCfg = Release|Any CPU
		{2EB1877F-CD10-4FAF-9B71-158F2F5480FF}.Release|Any CPU.Build.0 = Release|Any CPU
		{9163CD71-337A-49D9-8F06-05299E1D3BF6}.Debug|Any CPU.ActiveCfg = Debug|Any CPU
		{9163CD71-337A-49D9-8F06-05299E1D3BF6}.Debug|Any CPU.Build.0 = Debug|Any CPU
		{9163CD71-337A-49D9-8F06-05299E1D3BF6}.Release|Any CPU.ActiveCfg = Release|Any CPU
		{9163CD71-337A-49D9-8F06-05299E1D3BF6}.Release|Any CPU.Build.0 = Release|Any CPU
		{A5D62268-B880-4518-922F-B59028C4F806}.Debug|Any CPU.ActiveCfg = Debug|Any CPU
		{A5D62268-B880-4518-922F-B59028C4F806}.Debug|Any CPU.Build.0 = Debug|Any CPU
		{A5D62268-B880-4518-922F-B59028C4F806}.Release|Any CPU.ActiveCfg = Release|Any CPU
		{A5D62268-B880-4518-922F-B59028C4F806}.Release|Any CPU.Build.0 = Release|Any CPU
	EndGlobalSection
	GlobalSection(SolutionProperties) = preSolution
		HideSolutionNode = FALSE
	EndGlobalSection
	GlobalSection(ExtensibilityGlobals) = postSolution
		SolutionGuid = {1EDE8DC2-1AA1-4CFB-8E27-6018A0A7EF29}
	EndGlobalSection
EndGlobal
